{
    "_meta": {
        "hash": {
            "sha256": "3e6ad3e5c54dc4e79c0012da844cd9d98bffb52a0bf17889fb29b475ce827934"
        },
        "pipfile-spec": 6,
        "requires": {
            "python_version": "3.8"
        },
        "sources": [
            {
                "name": "pypi",
                "url": "https://pypi.org/simple",
                "verify_ssl": true
            }
        ]
    },
    "default": {
        "django": {
            "hashes": [
                "sha256:9614851d4a7ff8cbd32b73c6076441f377c45a5bbff7e771798fb02c43c31f47",
                "sha256:af18618ce3291be5092893d8522fe3919661bf3a1fb60e3858ae74865a4f07c2"
            ],
            "index": "pypi",
            "version": "==2.0"
        },
        "python-dotenv": {
            "hashes": [
                "sha256:8c10c99a1b25d9a68058a1ad6f90381a62ba68230ca93966882a4dbc3bc9c33d",
                "sha256:c10863aee750ad720f4f43436565e4c1698798d763b63234fb5021b6c616e423"
            ],
            "index": "pypi",
            "version": "==0.14.0"
        },
        "pytz": {
            "hashes": [
                "sha256:a494d53b6d39c3c6e44c3bec237336e14305e4f29bbf800b599253057fbb79ed",
                "sha256:c35965d010ce31b23eeb663ed3cc8c906275d6be1a34393a1d73a41febf4a048"
            ],
            "version": "==2020.1"
        }
    },
    "develop": {}
}
